<Solution>
  <Folder Name="/Solution Items/">
    <File Path=".claude.md" />
    <File Path="AGENTS.md" />
  </Folder>
  <Folder Name="/src/">
    <Project Path="src/SystemTrayProcessManager.Core/SystemTrayProcessManager.Core.csproj" />
    <Project Path="src/SystemTrayProcessManager.Infrastructure/SystemTrayProcessManager.Infrastructure.csproj" />
  </Folder>
  <Folder Name="/src/SystemTrayProcessManager.UI/">
    <Project Path="src/SystemTrayProcessManager.UI/SystemTrayProcessManager.csproj" />
  </Folder>
  <Folder Name="/tests/">
    <Project Path="tests/SystemTrayProcessManager.Tests/SystemTrayProcessManager.Tests.csproj" />
  </Folder>
  <Folder Name="/claude/">
    <Folder Name="/claude/skills/">
      <File Path="claude/skills/architect.claude.md" />
      <File Path="claude/skills/QUICKREF.md" />
      <File Path="claude/skills/reviewer.claude.md" />
      <File Path="claude/skills/SKILL.md" />
      <File Path="claude/skills/wpf-engineer.claude.md" />
    </Folder>
  </Folder>
  <Folder Name="/documentation/">
    <File Path="documentation/app.spec.features.status.md" />
    <File Path="documentation/app.spec.md" />
    <File Path="documentation/appPrompt.txt" />
    <File Path="documentation/review.md" />
    <File Path="documentation/summary.md" />
    <File Path="documentation/task-1-design.md" />
    <File Path="documentation/task-1-review.md" />
    <File Path="documentation/task-1-summary.md" />
    <File Path="documentation/task-2-design.md" />
    <File Path="documentation/task-2-review.md" />
    <File Path="documentation/task-2-summary.md" />
    <File Path="documentation/task-3-design.md" />
    <File Path="documentation/task-3-review.md" />
    <File Path="documentation/task-3-summary.md" />
    <File Path="documentation/task-4-design.md" />
    <File Path="documentation/task-4-review.md" />
    <File Path="documentation/task-4-summary.md" />
    <File Path="documentation/task-5-design.md" />
    <File Path="documentation/task-5-review.md" />
    <File Path="documentation/task-5-summary.md" />
    <File Path="documentation/task-7-design.md" />
    <File Path="documentation/task-7-review.md" />
    <File Path="documentation/task-7-summary.md" />
  </Folder>
  <File Path=".claude.md" />
  <File Path=".gitattributes" />
  <File Path=".gitignore" />
  <File Path="AGENTS.md" />
</Solution>
